
Microsoft Visual Studio Solution File, Format Version 12.00
# Visual Studio Version 17
VisualStudioVersion = 17.0.31903.59
MinimumVisualStudioVersion = 10.0.40219.1
Project("{FAE04EC0-301F-11D3-BF4B-00C04F79EFBC}") = "SagaPatternDemo.Host", "SagaPatternDemo.Host\SagaPatternDemo.Host.csproj", "{D0ECD360-1A88-44B8-83B2-2767D975D389}"
EndProject
Project("{FAE04EC0-301F-11D3-BF4B-00C04F79EFBC}") = "SagaPatternDemo.Tests", "SagaPatternDemo.Tests\SagaPatternDemo.Tests.csproj", "{CC51657B-E19A-42FA-92A9-C37AC608E24C}"
EndProject
Global
	GlobalSection(SolutionConfigurationPlatforms) = preSolution
		Debug|Any CPU = Debug|Any CPU
		Release|Any CPU = Release|Any CPU
	EndGlobalSection
	GlobalSection(SolutionProperties) = preSolution
		HideSolutionNode = FALSE
	EndGlobalSection
	GlobalSection(ProjectConfigurationPlatforms) = postSolution
		{D0ECD360-1A88-44B8-83B2-2767D975D389}.Debug|Any CPU.ActiveCfg = Debug|Any CPU
		{D0ECD360-1A88-44B8-83B2-2767D975D389}.Debug|Any CPU.Build.0 = Debug|Any CPU
		{D0ECD360-1A88-44B8-83B2-2767D975D389}.Release|Any CPU.ActiveCfg = Release|Any CPU
		{D0ECD360-1A88-44B8-83B2-2767D975D389}.Release|Any CPU.Build.0 = Release|Any CPU
		{CC51657B-E19A-42FA-92A9-C37AC608E24C}.Debug|Any CPU.ActiveCfg = Debug|Any CPU
		{CC51657B-E19A-42FA-92A9-C37AC608E24C}.Debug|Any CPU.Build.0 = Debug|Any CPU
		{CC51657B-E19A-42FA-92A9-C37AC608E24C}.Release|Any CPU.ActiveCfg = Release|Any CPU
		{CC51657B-E19A-42FA-92A9-C37AC608E24C}.Release|Any CPU.Build.0 = Release|Any CPU
	EndGlobalSection
EndGlobal
